// !$*UTF8*$!
{
	archiveVersion = 1;
	classes = {
	};
	objectVersion = 46;
	objects = {

/* Begin PBXBuildFile section */
		A56208201BD5521D00D76A32 /* main.m in Sources */ = {isa = PBXBuildFile; fileRef = A562081F1BD5521D00D76A32 /* main.m */; };
		A56208231BD5521D00D76A32 /* AppDelegate.m in Sources */ = {isa = PBXBuildFile; fileRef = A56208221BD5521D00D76A32 /* AppDelegate.m */; };
		A56208291BD5521D00D76A32 /* Main.storyboard in Resources */ = {isa = PBXBuildFile; fileRef = A56208271BD5521D00D76A32 /* Main.storyboard */; };
		A562082B1BD5521D00D76A32 /* Images.xcassets in Resources */ = {isa = PBXBuildFile; fileRef = A562082A1BD5521D00D76A32 /* Images.xcassets */; };
		A562082E1BD5521D00D76A32 /* LaunchScreen.xib in Resources */ = {isa = PBXBuildFile; fileRef = A562082C1BD5521D00D76A32 /* LaunchScreen.xib */; };
		A562083A1BD5521D00D76A32 /* DreamCatcherTests.m in Sources */ = {isa = PBXBuildFile; fileRef = A56208391BD5521D00D76A32 /* DreamCatcherTests.m */; };
		A56208481BD552DC00D76A32 /* ListViewController.m in Sources */ = {isa = PBXBuildFile; fileRef = A56208471BD552DC00D76A32 /* ListViewController.m */; };
		A562084B1BD5B46B00D76A32 /* DetailViewController.m in Sources */ = {isa = PBXBuildFile; fileRef = A562084A1BD5B46B00D76A32 /* DetailViewController.m */; };
/* End PBXBuildFile section */

/* Begin PBXContainerItemProxy section */
		A56208341BD5521D00D76A32 /* PBXContainerItemProxy */ = {
			isa = PBXContainerItemProxy;
			containerPortal = A56208121BD5521D00D76A32 /* Project object */;
			proxyType = 1;
			remoteGlobalIDString = A56208191BD5521D00D76A32;
			remoteInfo = DreamCatcher;
		};
/* End PBXContainerItemProxy section */

/* Begin PBXFileReference section */
		A562081A1BD5521D00D76A32 /* DreamCatcher.app */ = {isa = PBXFileReference; explicitFileType = wrapper.application; includeInIndex = 0; path = DreamCatcher.app; sourceTree = BUILT_PRODUCTS_DIR; };
		A562081E1BD5521D00D76A32 /* Info.plist */ = {isa = PBXFileReference; lastKnownFileType = text.plist.xml; path = Info.plist; sourceTree = "<group>"; };
		A562081F1BD5521D00D76A32 /* main.m */ = {isa = PBXFileReference; lastKnownFileType = sourcecode.c.objc; path = main.m; sourceTree = "<group>"; };
		A56208211BD5521D00D76A32 /* AppDelegate.h */ = {isa = PBXFileReference; lastKnownFileType = sourcecode.c.h; path = AppDelegate.h; sourceTree = "<group>"; };
		A56208221BD5521D00D76A32 /* AppDelegate.m */ = {isa = PBXFileReference; lastKnownFileType = sourcecode.c.objc; path = AppDelegate.m; sourceTree = "<group>"; };
		A56208281BD5521D00D76A32 /* Base */ = {isa = PBXFileReference; lastKnownFileType = file.storyboard; name = Base; path = Base.lproj/Main.storyboard; sourceTree = "<group>"; };
		A562082A1BD5521D00D76A32 /* Images.xcassets */ = {isa = PBXFileReference; lastKnownFileType = folder.assetcatalog; path = Images.xcassets; sourceTree = "<group>"; };
		A562082D1BD5521D00D76A32 /* Base */ = {isa = PBXFileReference; lastKnownFileType = file.xib; name = Base; path = Base.lproj/LaunchScreen.xib; sourceTree = "<group>"; };
		A56208331BD5521D00D76A32 /* DreamCatcherTests.xctest */ = {isa = PBXFileReference; explicitFileType = wrapper.cfbundle; includeInIndex = 0; path = DreamCatcherTests.xctest; sourceTree = BUILT_PRODUCTS_DIR; };
		A56208381BD5521D00D76A32 /* Info.plist */ = {isa = PBXFileReference; lastKnownFileType = text.plist.xml; path = Info.plist; sourceTree = "<group>"; };
		A56208391BD5521D00D76A32 /* DreamCatcherTests.m */ = {isa = PBXFileReference; lastKnownFileType = sourcecode.c.objc; path = DreamCatcherTests.m; sourceTree = "<group>"; };
		A56208461BD552DC00D76A32 /* ListViewController.h */ = {isa = PBXFileReference; fileEncoding = 4; lastKnownFileType = sourcecode.c.h; path = ListViewController.h; sourceTree = "<group>"; };
		A56208471BD552DC00D76A32 /* ListViewController.m */ = {isa = PBXFileReference; fileEncoding = 4; lastKnownFileType = sourcecode.c.objc; path = ListViewController.m; sourceTree = "<group>"; };
		A56208491BD5B46B00D76A32 /* DetailViewController.h */ = {isa = PBXFileReference; fileEncoding = 4; lastKnownFileType = sourcecode.c.h; path = DetailViewController.h; sourceTree = "<group>"; };
		A562084A1BD5B46B00D76A32 /* DetailViewController.m */ = {isa = PBXFileReference; fileEncoding = 4; lastKnownFileType = sourcecode.c.objc; path = DetailViewController.m; sourceTree = "<group>"; };
/* End PBXFileReference section */

/* Begin PBXFrameworksBuildPhase section */
		A56208171BD5521D00D76A32 /* Frameworks */ = {
			isa = PBXFrameworksBuildPhase;
			buildActionMask = 2147483647;
			files = (
			);
			runOnlyForDeploymentPostprocessing = 0;
		};
		A56208301BD5521D00D76A32 /* Frameworks */ = {
			isa = PBXFrameworksBuildPhase;
			buildActionMask = 2147483647;
			files = (
			);
			runOnlyForDeploymentPostprocessing = 0;
		};
/* End PBXFrameworksBuildPhase section */

/* Begin PBXGroup section */
		A56208111BD5521D00D76A32 = {
			isa = PBXGroup;
			children = (
				A562081C1BD5521D00D76A32 /* DreamCatcher */,
				A56208361BD5521D00D76A32 /* DreamCatcherTests */,
				A562081B1BD5521D00D76A32 /* Products */,
			);
			sourceTree = "<group>";
		};
		A562081B1BD5521D00D76A32 /* Products */ = {
			isa = PBXGroup;
			children = (
				A562081A1BD5521D00D76A32 /* DreamCatcher.app */,
				A56208331BD5521D00D76A32 /* DreamCatcherTests.xctest */,
			);
			name = Products;
			sourceTree = "<group>";
		};
		A562081C1BD5521D00D76A32 /* DreamCatcher */ = {
			isa = PBXGroup;
			children = (
				A56208211BD5521D00D76A32 /* AppDelegate.h */,
				A56208221BD5521D00D76A32 /* AppDelegate.m */,
				A56208271BD5521D00D76A32 /* Main.storyboard */,
				A56208491BD5B46B00D76A32 /* DetailViewController.h */,
				A562084A1BD5B46B00D76A32 /* DetailViewController.m */,
				A56208461BD552DC00D76A32 /* ListViewController.h */,
				A56208471BD552DC00D76A32 /* ListViewController.m */,
				A562082A1BD5521D00D76A32 /* Images.xcassets */,
				A562082C1BD5521D00D76A32 /* LaunchScreen.xib */,
				A562081D1BD5521D00D76A32 /* Supporting Files */,
			);
			path = DreamCatcher;
			sourceTree = "<group>";
		};
		A562081D1BD5521D00D76A32 /* Supporting Files */ = {
			isa = PBXGroup;
			children = (
				A562081E1BD5521D00D76A32 /* Info.plist */,
				A562081F1BD5521D00D76A32 /* main.m */,
			);
			name = "Supporting Files";
			sourceTree = "<group>";
		};
		A56208361BD5521D00D76A32 /* DreamCatcherTests */ = {
			isa = PBXGroup;
			children = (
				A56208391BD5521D00D76A32 /* DreamCatcherTests.m */,
				A56208371BD5521D00D76A32 /* Supporting Files */,
			);
			path = DreamCatcherTests;
			sourceTree = "<group>";
		};
		A56208371BD5521D00D76A32 /* Supporting Files */ = {
			isa = PBXGroup;
			children = (
				A56208381BD5521D00D76A32 /* Info.plist */,
			);
			name = "Supporting Files";
			sourceTree = "<group>";
		};
/* End PBXGroup section */

/* Begin PBXNativeTarget section */
		A56208191BD5521D00D76A32 /* DreamCatcher */ = {
			isa = PBXNativeTarget;
			buildConfigurationList = A562083D1BD5521D00D76A32 /* Build configuration list for PBXNativeTarget "DreamCatcher" */;
			buildPhases = (
				A56208161BD5521D00D76A32 /* Sources */,
				A56208171BD5521D00D76A32 /* Frameworks */,
				A56208181BD5521D00D76A32 /* Resources */,
			);
			buildRules = (
			);
			dependencies = (
			);
			name = DreamCatcher;
			productName = DreamCatcher;
			productReference = A562081A1BD5521D00D76A32 /* DreamCatcher.app */;
			productType = "com.apple.product-type.application";
		};
		A56208321BD5521D00D76A32 /* DreamCatcherTests */ = {
			isa = PBXNativeTarget;
			buildConfigurationList = A56208401BD5521D00D76A32 /* Build configuration list for PBXNativeTarget "DreamCatcherTests" */;
			buildPhases = (
				A562082F1BD5521D00D76A32 /* Sources */,
				A56208301BD5521D00D76A32 /* Frameworks */,
				A56208311BD5521D00D76A32 /* Resources */,
			);
			buildRules = (
			);
			dependencies = (
				A56208351BD5521D00D76A32 /* PBXTargetDependency */,
			);
			name = DreamCatcherTests;
			productName = DreamCatcherTests;
			productReference = A56208331BD5521D00D76A32 /* DreamCatcherTests.xctest */;
			productType = "com.apple.product-type.bundle.unit-test";
		};
/* End PBXNativeTarget section */

/* Begin PBXProject section */
		A56208121BD5521D00D76A32 /* Project object */ = {
			isa = PBXProject;
			attributes = {
				LastUpgradeCheck = 0640;
				ORGANIZATIONNAME = "Michelle Vu";
				TargetAttributes = {
					A56208191BD5521D00D76A32 = {
						CreatedOnToolsVersion = 6.4;
					};
					A56208321BD5521D00D76A32 = {
						CreatedOnToolsVersion = 6.4;
						TestTargetID = A56208191BD5521D00D76A32;
					};
				};
			};
			buildConfigurationList = A56208151BD5521D00D76A32 /* Build configuration list for PBXProject "DreamCatcher" */;
			compatibilityVersion = "Xcode 3.2";
			developmentRegion = English;
			hasScannedForEncodings = 0;
			knownRegions = (
				en,
				Base,
			);
			mainGroup = A56208111BD5521D00D76A32;
			productRefGroup = A562081B1BD5521D00D76A32 /* Products */;
			projectDirPath = "";
			projectRoot = "";
			targets = (
				A56208191BD5521D00D76A32 /* DreamCatcher */,
				A56208321BD5521D00D76A32 /* DreamCatcherTests */,
			);
		};
/* End PBXProject section */

/* Begin PBXResourcesBuildPhase section */
		A56208181BD5521D00D76A32 /* Resources */ = {
			isa = PBXResourcesBuildPhase;
			buildActionMask = 2147483647;
			files = (
				A56208291BD5521D00D76A32 /* Main.storyboard in Resources */,
				A562082E1BD5521D00D76A32 /* LaunchScreen.xib in Resources */,
				A562082B1BD5521D00D76A32 /* Images.xcassets in Resources */,
			);
			runOnlyForDeploymentPostprocessing = 0;
		};
		A56208311BD5521D00D76A32 /* Resources */ = {
			isa = PBXResourcesBuildPhase;
			buildActionMask = 2147483647;
			files = (
			);
			runOnlyForDeploymentPostprocessing = 0;
		};
/* End PBXResourcesBuildPhase section */

/* Begin PBXSourcesBuildPhase section */
		A56208161BD5521D00D76A32 /* Sources */ = {
			isa = PBXSourcesBuildPhase;
			buildActionMask = 2147483647;
			files = (
				A56208231BD5521D00D76A32 /* AppDelegate.m in Sources */,
				A56208201BD5521D00D76A32 /* main.m in Sources */,
				A56208481BD552DC00D76A32 /* ListViewController.m in Sources */,
				A562084B1BD5B46B00D76A32 /* DetailViewController.m in Sources */,
			);
			runOnlyForDeploymentPostprocessing = 0;
		};
		A562082F1BD5521D00D76A32 /* Sources */ = {
			isa = PBXSourcesBuildPhase;
			buildActionMask = 2147483647;
			files = (
				A562083A1BD5521D00D76A32 /* DreamCatcherTests.m in Sources */,
			);
			runOnlyForDeploymentPostprocessing = 0;
		};
/* End PBXSourcesBuildPhase section */

/* Begin PBXTargetDependency section */
		A56208351BD5521D00D76A32 /* PBXTargetDependency */ = {
			isa = PBXTargetDependency;
			target = A56208191BD5521D00D76A32 /* DreamCatcher */;
			targetProxy = A56208341BD5521D00D76A32 /* PBXContainerItemProxy */;
		};
/* End PBXTargetDependency section */

/* Begin PBXVariantGroup section */
		A56208271BD5521D00D76A32 /* Main.storyboard */ = {
			isa = PBXVariantGroup;
			children = (
				A56208281BD5521D00D76A32 /* Base */,
			);
			name = Main.storyboard;
			sourceTree = "<group>";
		};
		A562082C1BD5521D00D76A32 /* LaunchScreen.xib */ = {
			isa = PBXVariantGroup;
			children = (
				A562082D1BD5521D00D76A32 /* Base */,
			);
			name = LaunchScreen.xib;
			sourceTree = "<group>";
		};
/* End PBXVariantGroup section */

/* Begin XCBuildConfiguration section */
		A562083B1BD5521D00D76A32 /* Debug */ = {
			isa = XCBuildConfiguration;
			buildSettings = {
				ALWAYS_SEARCH_USER_PATHS = NO;
				CLANG_CXX_LANGUAGE_STANDARD = "gnu++0x";
				CLANG_CXX_LIBRARY = "libc++";
				CLANG_ENABLE_MODULES = YES;
				CLANG_ENABLE_OBJC_ARC = YES;
				CLANG_WARN_BOOL_CONVERSION = YES;
				CLANG_WARN_CONSTANT_CONVERSION = YES;
				CLANG_WARN_DIRECT_OBJC_ISA_USAGE = YES_ERROR;
				CLANG_WARN_EMPTY_BODY = YES;
				CLANG_WARN_ENUM_CONVERSION = YES;
				CLANG_WARN_INT_CONVERSION = YES;
				CLANG_WARN_OBJC_ROOT_CLASS = YES_ERROR;
				CLANG_WARN_UNREACHABLE_CODE = YES;
				CLANG_WARN__DUPLICATE_METHOD_MATCH = YES;
				"CODE_SIGN_IDENTITY[sdk=iphoneos*]" = "iPhone Developer";
				COPY_PHASE_STRIP = NO;
				DEBUG_INFORMATION_FORMAT = "dwarf-with-dsym";
				ENABLE_STRICT_OBJC_MSGSEND = YES;
				GCC_C_LANGUAGE_STANDARD = gnu99;
				GCC_DYNAMIC_NO_PIC = NO;
				GCC_NO_COMMON_BLOCKS = YES;
				GCC_OPTIMIZATION_LEVEL = 0;
				GCC_PREPROCESSOR_DEFINITIONS = (
					"DEBUG=1",
					"$(inherited)",
				);
				GCC_SYMBOLS_PRIVATE_EXTERN = NO;
				GCC_WARN_64_TO_32_BIT_CONVERSION = YES;
				GCC_WARN_ABOUT_RETURN_TYPE = YES_ERROR;
				GCC_WARN_UNDECLARED_SELECTOR = YES;
				GCC_WARN_UNINITIALIZED_AUTOS = YES_AGGRESSIVE;
				GCC_WARN_UNUSED_FUNCTION = YES;
				GCC_WARN_UNUSED_VARIABLE = YES;
				IPHONEOS_DEPLOYMENT_TARGET = 8.4;
				MTL_ENABLE_DEBUG_INFO = YES;
				ONLY_ACTIVE_ARCH = YES;
				SDKROOT = iphoneos;
				TARGETED_DEVICE_FAMILY = "1,2";
			};
			name = Debug;
		};
		A562083C1BD5521D00D76A32 /* Release */ = {
			isa = XCBuildConfiguration;
			buildSettings = {
				ALWAYS_SEARCH_USER_PATHS = NO;
				CLANG_CXX_LANGUAGE_STANDARD = "gnu++0x";
				CLANG_CXX_LIBRARY = "libc++";
				CLANG_ENABLE_MODULES = YES;
				CLANG_ENABLE_OBJC_ARC = YES;
				CLANG_WARN_BOOL_CONVERSION = YES;
				CLANG_WARN_CONSTANT_CONVERSION = YES;
				CLANG_WARN_DIRECT_OBJC_ISA_USAGE = YES_ERROR;
				CLANG_WARN_EMPTY_BODY = YES;
				CLANG_WARN_ENUM_CONVERSION = YES;
				CLANG_WARN_INT_CONVERSION = YES;
				CLANG_WARN_OBJC_ROOT_CLASS = YES_ERROR;
				CLANG_WARN_UNREACHABLE_CODE = YES;
				CLANG_WARN__DUPLICATE_METHOD_MATCH = YES;
				"CODE_SIGN_IDENTITY[sdk=iphoneos*]" = "iPhone Developer";
				COPY_PHASE_STRIP = NO;
				DEBUG_INFORMATION_FORMAT = "dwarf-with-dsym";
				ENABLE_NS_ASSERTIONS = NO;
				ENABLE_STRICT_OBJC_MSGSEND = YES;
				GCC_C_LANGUAGE_STANDARD = gnu99;
				GCC_NO_COMMON_BLOCKS = YES;
				GCC_WARN_64_TO_32_BIT_CONVERSION = YES;
				GCC_WARN_ABOUT_RETURN_TYPE = YES_ERROR;
				GCC_WARN_UNDECLARED_SELECTOR = YES;
				GCC_WARN_UNINITIALIZED_AUTOS = YES_AGGRESSIVE;
				GCC_WARN_UNUSED_FUNCTION = YES;
				GCC_WARN_UNUSED_VARIABLE = YES;
				IPHONEOS_DEPLOYMENT_TARGET = 8.4;
				MTL_ENABLE_DEBUG_INFO = NO;
				SDKROOT = iphoneos;
				TARGETED_DEVICE_FAMILY = "1,2";
				VALIDATE_PRODUCT = YES;
			};
			name = Release;
		};
		A562083E1BD5521D00D76A32 /* Debug */ = {
			isa = XCBuildConfiguration;
			buildSettings = {
				ASSETCATALOG_COMPILER_APPICON_NAME = AppIcon;
				INFOPLIST_FILE = DreamCatcher/Info.plist;
				LD_RUNPATH_SEARCH_PATHS = "$(inherited) @executable_path/Frameworks";
				PRODUCT_NAME = "$(TARGET_NAME)";
			};
			name = Debug;
		};
		A562083F1BD5521D00D76A32 /* Release */ = {
			isa = XCBuildConfiguration;
			buildSettings = {
				ASSETCATALOG_COMPILER_APPICON_NAME = AppIcon;
				INFOPLIST_FILE = DreamCatcher/Info.plist;
				LD_RUNPATH_SEARCH_PATHS = "$(inherited) @executable_path/Frameworks";
				PRODUCT_NAME = "$(TARGET_NAME)";
			};
			name = Release;
		};
		A56208411BD5521D00D76A32 /* Debug */ = {
			isa = XCBuildConfiguration;
			buildSettings = {
				BUNDLE_LOADER = "$(TEST_HOST)";
				FRAMEWORK_SEARCH_PATHS = (
					"$(SDKROOT)/Developer/Library/Frameworks",
					"$(inherited)",
				);
				GCC_PREPROCESSOR_DEFINITIONS = (
					"DEBUG=1",
					"$(inherited)",
				);
				INFOPLIST_FILE = DreamCatcherTests/Info.plist;
				LD_RUNPATH_SEARCH_PATHS = "$(inherited) @executable_path/Frameworks @loader_path/Frameworks";
				PRODUCT_NAME = "$(TARGET_NAME)";
				TEST_HOST = "$(BUILT_PRODUCTS_DIR)/DreamCatcher.app/DreamCatcher";
			};
			name = Debug;
		};
		A56208421BD5521D00D76A32 /* Release */ = {
			isa = XCBuildConfiguration;
			buildSettings = {
				BUNDLE_LOADER = "$(TEST_HOST)";
				FRAMEWORK_SEARCH_PATHS = (
					"$(SDKROOT)/Developer/Library/Frameworks",
					"$(inherited)",
				);
				INFOPLIST_FILE = DreamCatcherTests/Info.plist;
				LD_RUNPATH_SEARCH_PATHS = "$(inherited) @executable_path/Frameworks @loader_path/Frameworks";
				PRODUCT_NAME = "$(TARGET_NAME)";
				TEST_HOST = "$(BUILT_PRODUCTS_DIR)/DreamCatcher.app/DreamCatcher";
			};
			name = Release;
		};
/* End XCBuildConfiguration section */

/* Begin XCConfigurationList section */
		A56208151BD5521D00D76A32 /* Build configuration list for PBXProject "DreamCatcher" */ = {
			isa = XCConfigurationList;
			buildConfigurations = (
				A562083B1BD5521D00D76A32 /* Debug */,
				A562083C1BD5521D00D76A32 /* Release */,
			);
			defaultConfigurationIsVisible = 0;
			defaultConfigurationName = Release;
		};
		A562083D1BD5521D00D76A32 /* Build configuration list for PBXNativeTarget "DreamCatcher" */ = {
			isa = XCConfigurationList;
			buildConfigurations = (
				A562083E1BD5521D00D76A32 /* Debug */,
				A562083F1BD5521D00D76A32 /* Release */,
			);
			defaultConfigurationIsVisible = 0;
		};
		A56208401BD5521D00D76A32 /* Build configuration list for PBXNativeTarget "DreamCatcherTests" */ = {
			isa = XCConfigurationList;
			buildConfigurations = (
				A56208411BD5521D00D76A32 /* Debug */,
				A56208421BD5521D00D76A32 /* Release */,
			);
			defaultConfigurationIsVisible = 0;
		};
/* End XCConfigurationList section */
	};
	rootObject = A56208121BD5521D00D76A32 /* Project object */;
}
